
Microsoft Visual Studio Solution File, Format Version 12.00
# Visual Studio 2013
VisualStudioVersion = 12.0.31101.0
MinimumVisualStudioVersion = 10.0.40219.1
Project("{FAE04EC0-301F-11D3-BF4B-00C04F79EFBC}") = "01. AATree", "Advanced-Tree-Structures-Homework\01. AATree.csproj", "{9192D115-6F23-4A31-AA02-17383AC4D89E}"
EndProject
Project("{FAE04EC0-301F-11D3-BF4B-00C04F79EFBC}") = "02. Interval Tree", "02. Interval Tree\02. Interval Tree.csproj", "{75E088BA-A4A5-4754-A352-A553FEF9225B}"
EndProject
Global
	GlobalSection(SolutionConfigurationPlatforms) = preSolution
		Debug|Any CPU = Debug|Any CPU
		Release|Any CPU = Release|Any CPU
	EndGlobalSection
	GlobalSection(ProjectConfigurationPlatforms) = postSolution
		{9192D115-6F23-4A31-AA02-17383AC4D89E}.Debug|Any CPU.ActiveCfg = Debug|Any CPU
		{9192D115-6F23-4A31-AA02-17383AC4D89E}.Debug|Any CPU.Build.0 = Debug|Any CPU
		{9192D115-6F23-4A31-AA02-17383AC4D89E}.Release|Any CPU.ActiveCfg = Release|Any CPU
		{9192D115-6F23-4A31-AA02-17383AC4D89E}.Release|Any CPU.Build.0 = Release|Any CPU
		{75E088BA-A4A5-4754-A352-A553FEF9225B}.Debug|Any CPU.ActiveCfg = Debug|Any CPU
		{75E088BA-A4A5-4754-A352-A553FEF9225B}.Debug|Any CPU.Build.0 = Debug|Any CPU
		{75E088BA-A4A5-4754-A352-A553FEF9225B}.Release|Any CPU.ActiveCfg = Release|Any CPU
		{75E088BA-A4A5-4754-A352-A553FEF9225B}.Release|Any CPU.Build.0 = Release|Any CPU
	EndGlobalSection
	GlobalSection(SolutionProperties) = preSolution
		HideSolutionNode = FALSE
	EndGlobalSection
EndGlobal
